
Microsoft Visual Studio Solution File, Format Version 12.00
# Visual Studio Version 17
VisualStudioVersion = 17.14.36511.14 d17.14
MinimumVisualStudioVersion = 10.0.40219.1
Project("{2150E333-8FDC-42A3-9474-1A3956D46DE8}") = "Task0", "Task0", "{02EA681E-C7D8-13C7-8484-4AC65E1B71E8}"
EndProject
Project("{FAE04EC0-301F-11D3-BF4B-00C04F79EFBC}") = "Tyuiu.YushkovaES.Sprint4.Task0.V5", "Tyuiu.YushkovaES.Sprint4.Task0.V5\Tyuiu.YushkovaES.Sprint4.Task0.V5.csproj", "{937A6AFD-80D7-4016-88DC-8ED1A0CE4618}"
EndProject
Project("{FAE04EC0-301F-11D3-BF4B-00C04F79EFBC}") = "Tyuiu.YushkovaES.Sprint4.Task0.V5.Lib", "Tyuiu.YushkovaES.Sprint4.Task0.V5.Lib\Tyuiu.YushkovaES.Sprint4.Task0.V5.Lib.csproj", "{C9A1E322-5D28-41AA-AF2E-826043EBC1AF}"
EndProject
Project("{FAE04EC0-301F-11D3-BF4B-00C04F79EFBC}") = "Tyuiu.YushkovaES.Sprint4.Task0.V5.Test", "Tyuiu.YushkovaES.Sprint4.Task0.V5.Test\Tyuiu.YushkovaES.Sprint4.Task0.V5.Test.csproj", "{AFC3E654-88F7-4570-980D-72E70B582509}"
EndProject
Global
	GlobalSection(SolutionConfigurationPlatforms) = preSolution
		Debug|Any CPU = Debug|Any CPU
		Release|Any CPU = Release|Any CPU
	EndGlobalSection
	GlobalSection(ProjectConfigurationPlatforms) = postSolution
		{937A6AFD-80D7-4016-88DC-8ED1A0CE4618}.Debug|Any CPU.ActiveCfg = Debug|Any CPU
		{937A6AFD-80D7-4016-88DC-8ED1A0CE4618}.Debug|Any CPU.Build.0 = Debug|Any CPU
		{937A6AFD-80D7-4016-88DC-8ED1A0CE4618}.Release|Any CPU.ActiveCfg = Release|Any CPU
		{937A6AFD-80D7-4016-88DC-8ED1A0CE4618}.Release|Any CPU.Build.0 = Release|Any CPU
		{C9A1E322-5D28-41AA-AF2E-826043EBC1AF}.Debug|Any CPU.ActiveCfg = Debug|Any CPU
		{C9A1E322-5D28-41AA-AF2E-826043EBC1AF}.Debug|Any CPU.Build.0 = Debug|Any CPU
		{C9A1E322-5D28-41AA-AF2E-826043EBC1AF}.Release|Any CPU.ActiveCfg = Release|Any CPU
		{C9A1E322-5D28-41AA-AF2E-826043EBC1AF}.Release|Any CPU.Build.0 = Release|Any CPU
		{AFC3E654-88F7-4570-980D-72E70B582509}.Debug|Any CPU.ActiveCfg = Debug|Any CPU
		{AFC3E654-88F7-4570-980D-72E70B582509}.Debug|Any CPU.Build.0 = Debug|Any CPU
		{AFC3E654-88F7-4570-980D-72E70B582509}.Release|Any CPU.ActiveCfg = Release|Any CPU
		{AFC3E654-88F7-4570-980D-72E70B582509}.Release|Any CPU.Build.0 = Release|Any CPU
	EndGlobalSection
	GlobalSection(SolutionProperties) = preSolution
		HideSolutionNode = FALSE
	EndGlobalSection
	GlobalSection(NestedProjects) = preSolution
		{937A6AFD-80D7-4016-88DC-8ED1A0CE4618} = {02EA681E-C7D8-13C7-8484-4AC65E1B71E8}
		{C9A1E322-5D28-41AA-AF2E-826043EBC1AF} = {02EA681E-C7D8-13C7-8484-4AC65E1B71E8}
		{AFC3E654-88F7-4570-980D-72E70B582509} = {02EA681E-C7D8-13C7-8484-4AC65E1B71E8}
	EndGlobalSection
	GlobalSection(ExtensibilityGlobals) = postSolution
		SolutionGuid = {406D50F8-2DDC-476E-959E-8A68E928727C}
	EndGlobalSection
EndGlobal
