
Microsoft Visual Studio Solution File, Format Version 12.00
# Visual Studio Version 17
VisualStudioVersion = 17.14.36511.14
MinimumVisualStudioVersion = 10.0.40219.1
Project("{2150E333-8FDC-42A3-9474-1A3956D46DE8}") = "Task0", "Task0", "{02EA681E-C7D8-13C7-8484-4AC65E1B71E8}"
EndProject
Project("{2150E333-8FDC-42A3-9474-1A3956D46DE8}") = "Task1", "Task1", "{48385477-0853-4875-BBB0-7166F32B4B15}"
EndProject
Project("{FAE04EC0-301F-11D3-BF4B-00C04F79EFBC}") = "Tyuiu.YushkovaES.Sprint4.Task1.V26", "Tyuiu.YushkovaES.Sprint4.Task1.V26\Tyuiu.YushkovaES.Sprint4.Task1.V26.csproj", "{2160D719-F944-499F-9F5A-BD77B4E96D41}"
EndProject
Project("{FAE04EC0-301F-11D3-BF4B-00C04F79EFBC}") = "Tyuiu.YushkovaES.Sprint4.Task1.V26.Lib", "Tyuiu.YushkovaES.Sprint4.Task1.V26.Lib\Tyuiu.YushkovaES.Sprint4.Task1.V26.Lib.csproj", "{3622D0EB-4AF1-4118-A0A7-F2EAC42EFE0E}"
EndProject
Project("{FAE04EC0-301F-11D3-BF4B-00C04F79EFBC}") = "Tyuiu.YushkovaES.Sprint4.Task1.V26.Test", "Tyuiu.YushkovaES.Sprint4.Task1.V26.Test\Tyuiu.YushkovaES.Sprint4.Task1.V26.Test.csproj", "{D566F673-1B8F-40CD-A530-52260FC3CC8E}"
EndProject
Project("{2150E333-8FDC-42A3-9474-1A3956D46DE8}") = "Task2", "Task2", "{690D1896-9947-4CA4-AE11-FEEA0ED5FED5}"
EndProject
Project("{FAE04EC0-301F-11D3-BF4B-00C04F79EFBC}") = "Tyuiu.YushkovaES.Sprint4.Task2.V25", "Tyuiu.YushkovaES.Sprint4.Task2.V25\Tyuiu.YushkovaES.Sprint4.Task2.V25.csproj", "{A3E4F721-3900-4A36-AD07-F03E3ED7B8DA}"
EndProject
Project("{FAE04EC0-301F-11D3-BF4B-00C04F79EFBC}") = "Tyuiu.YushkovaES.Sprint4.Task2.V25.Lib", "Tyuiu.YushkovaES.Sprint4.Task2.V25.Lib\Tyuiu.YushkovaES.Sprint4.Task2.V25.Lib.csproj", "{F4E53626-2D64-45D8-BCF7-64079AFD4EBA}"
EndProject
Project("{FAE04EC0-301F-11D3-BF4B-00C04F79EFBC}") = "Tyuiu.YushkovaES.Sprint4.Task2.V25.Test", "Tyuiu.YushkovaES.Sprint4.Task2.V25.Test\Tyuiu.YushkovaES.Sprint4.Task2.V25.Test.csproj", "{A91756DA-DCB9-4024-A7A1-CD6F97D9A398}"
EndProject
Project("{2150E333-8FDC-42A3-9474-1A3956D46DE8}") = "Task3", "Task3", "{2A32D081-5D67-4199-8764-F70702444696}"
EndProject
Project("{FAE04EC0-301F-11D3-BF4B-00C04F79EFBC}") = "Tyuiu.YushkovaES.Sprint4.Task3.V27", "Tyuiu.YushkovaES.Sprint4.Task3.V27\Tyuiu.YushkovaES.Sprint4.Task3.V27.csproj", "{240DB556-E567-4EB7-9ADF-AC3050C13EBA}"
EndProject
Project("{FAE04EC0-301F-11D3-BF4B-00C04F79EFBC}") = "Tyuiu.YushkovaES.Sprint4.Task3.V27.Lib", "Tyuiu.YushkovaES.Sprint4.Task3.V27.Lib\Tyuiu.YushkovaES.Sprint4.Task3.V27.Lib.csproj", "{B3A3F92C-A387-4DA5-A405-89281653CA39}"
EndProject
Project("{FAE04EC0-301F-11D3-BF4B-00C04F79EFBC}") = "Tyuiu.YushkovaES.Sprint4.Task3.V27.Test", "Tyuiu.YushkovaES.Sprint4.Task3.V27.Test\Tyuiu.YushkovaES.Sprint4.Task3.V27.Test.csproj", "{B422BFD0-18CF-419A-A432-8F0026D6F024}"
EndProject
Project("{2150E333-8FDC-42A3-9474-1A3956D46DE8}") = "Task4", "Task4", "{3867F594-3E75-46A0-95FF-82DEA8656E5B}"
EndProject
Project("{FAE04EC0-301F-11D3-BF4B-00C04F79EFBC}") = "Tyuiu.YushkovaES.Sprint4.Task4.V8", "Tyuiu.YushkovaES.Sprint4.Task4.V8\Tyuiu.YushkovaES.Sprint4.Task4.V8.csproj", "{55B8A1F6-A8C8-4338-9D59-9D06B3524FF4}"
EndProject
Project("{FAE04EC0-301F-11D3-BF4B-00C04F79EFBC}") = "Tyuiu.YushkovaES.Sprint4.Task4.V8.Lib", "Tyuiu.YushkovaES.Sprint4.Task4.V8.Lib\Tyuiu.YushkovaES.Sprint4.Task4.V8.Lib.csproj", "{1A15A6CB-6973-47A9-97B7-5A0D530737B8}"
EndProject
Project("{FAE04EC0-301F-11D3-BF4B-00C04F79EFBC}") = "Tyuiu.YushkovaES.Sprint4.Task4.V8.Test", "Tyuiu.YushkovaES.Sprint4.Task4.V8.Test\Tyuiu.YushkovaES.Sprint4.Task4.V8.Test.csproj", "{435288BB-662D-4B2E-8E69-B02EE6AF77E5}"
EndProject
Project("{2150E333-8FDC-42A3-9474-1A3956D46DE8}") = "Task5", "Task5", "{778BBF3D-B5FE-4EBF-AB05-83DEADC90AB8}"
EndProject
Project("{FAE04EC0-301F-11D3-BF4B-00C04F79EFBC}") = "Tyuiu.YushkovaES.Sprint4.Task5.V4", "Tyuiu.YushkovaES.Sprint4.Task5.V4\Tyuiu.YushkovaES.Sprint4.Task5.V4.csproj", "{BB1A6B9D-C96F-41CB-B4D3-EC9FF297F97E}"
EndProject
Project("{FAE04EC0-301F-11D3-BF4B-00C04F79EFBC}") = "Tyuiu.YushkovaES.Sprint4.Task5.V4.Lib", "Tyuiu.YushkovaES.Sprint4.Task5.V4.Lib\Tyuiu.YushkovaES.Sprint4.Task5.V4.Lib.csproj", "{62D67EEC-AE26-4B97-B1D0-2BABBA0794DA}"
EndProject
Project("{FAE04EC0-301F-11D3-BF4B-00C04F79EFBC}") = "Tyuiu.YushkovaES.Sprint4.Task5.V4.Test", "Tyuiu.YushkovaES.Sprint4.Task5.V4.Test\Tyuiu.YushkovaES.Sprint4.Task5.V4.Test.csproj", "{F4350E41-309E-48B1-8818-6F4ED6629D84}"
EndProject
Project("{2150E333-8FDC-42A3-9474-1A3956D46DE8}") = "Task6", "Task6", "{D8D17ACE-7B69-424C-A5B5-6DDD10CC0FAF}"
EndProject
Project("{FAE04EC0-301F-11D3-BF4B-00C04F79EFBC}") = "Tyuiu.YushkovaES.Sprint4.Task6.V30", "Tyuiu.YushkovaES.Sprint4.Task6.V30\Tyuiu.YushkovaES.Sprint4.Task6.V30.csproj", "{B78F1548-0061-4C53-9B59-E3A22EE9FA86}"
EndProject
Project("{FAE04EC0-301F-11D3-BF4B-00C04F79EFBC}") = "Tyuiu.YushkovaES.Sprint4.Task6.V30.Test", "Tyuiu.YushkovaES.Sprint4.Task6.V30.Test\Tyuiu.YushkovaES.Sprint4.Task6.V30.Test.csproj", "{4E873065-32FD-4F97-BCB0-D929D8ACB877}"
EndProject
Project("{FAE04EC0-301F-11D3-BF4B-00C04F79EFBC}") = "Tyuiu.YushkovaES.Sprint4.Task6.V30.Lib", "Tyuiu.YushkovaES.Sprint4.Task6.V30.Lib\Tyuiu.YushkovaES.Sprint4.Task6.V30.Lib.csproj", "{27A350B6-9C50-42C4-8A00-93A7E3DC0738}"
EndProject
Project("{2150E333-8FDC-42A3-9474-1A3956D46DE8}") = "Task7", "Task7", "{1805B6F7-746A-4F34-A08B-99B67C416FF1}"
EndProject
Project("{FAE04EC0-301F-11D3-BF4B-00C04F79EFBC}") = "Tyuiu.YushkovaES.Sprint4.Task7.V21", "Tyuiu.YushkovaES.Sprint4.Task7.V21\Tyuiu.YushkovaES.Sprint4.Task7.V21.csproj", "{068A3541-E39C-40F3-BB61-AEAF7B3B6D5A}"
EndProject
Project("{FAE04EC0-301F-11D3-BF4B-00C04F79EFBC}") = "Tyuiu.YushkovaES.Sprint4.Task7.V21.Lib", "Tyuiu.YushkovaES.Sprint4.Task7.V21.Lib\Tyuiu.YushkovaES.Sprint4.Task7.V21.Lib.csproj", "{508BD097-1192-45FB-8EBF-1DAC63508E14}"
EndProject
Project("{FAE04EC0-301F-11D3-BF4B-00C04F79EFBC}") = "Tyuiu.YushkovaES.Sprint4.Task7.V21.Test", "Tyuiu.YushkovaES.Sprint4.Task7.V21.Test\Tyuiu.YushkovaES.Sprint4.Task7.V21.Test.csproj", "{5232513E-D4B4-447C-8C4C-CFF1B6F47D78}"
EndProject
Global
	GlobalSection(SolutionConfigurationPlatforms) = preSolution
		Debug|Any CPU = Debug|Any CPU
		Release|Any CPU = Release|Any CPU
	EndGlobalSection
	GlobalSection(ProjectConfigurationPlatforms) = postSolution
		{2160D719-F944-499F-9F5A-BD77B4E96D41}.Debug|Any CPU.ActiveCfg = Debug|Any CPU
		{2160D719-F944-499F-9F5A-BD77B4E96D41}.Debug|Any CPU.Build.0 = Debug|Any CPU
		{2160D719-F944-499F-9F5A-BD77B4E96D41}.Release|Any CPU.ActiveCfg = Release|Any CPU
		{2160D719-F944-499F-9F5A-BD77B4E96D41}.Release|Any CPU.Build.0 = Release|Any CPU
		{3622D0EB-4AF1-4118-A0A7-F2EAC42EFE0E}.Debug|Any CPU.ActiveCfg = Debug|Any CPU
		{3622D0EB-4AF1-4118-A0A7-F2EAC42EFE0E}.Debug|Any CPU.Build.0 = Debug|Any CPU
		{3622D0EB-4AF1-4118-A0A7-F2EAC42EFE0E}.Release|Any CPU.ActiveCfg = Release|Any CPU
		{3622D0EB-4AF1-4118-A0A7-F2EAC42EFE0E}.Release|Any CPU.Build.0 = Release|Any CPU
		{D566F673-1B8F-40CD-A530-52260FC3CC8E}.Debug|Any CPU.ActiveCfg = Debug|Any CPU
		{D566F673-1B8F-40CD-A530-52260FC3CC8E}.Debug|Any CPU.Build.0 = Debug|Any CPU
		{D566F673-1B8F-40CD-A530-52260FC3CC8E}.Release|Any CPU.ActiveCfg = Release|Any CPU
		{D566F673-1B8F-40CD-A530-52260FC3CC8E}.Release|Any CPU.Build.0 = Release|Any CPU
		{A3E4F721-3900-4A36-AD07-F03E3ED7B8DA}.Debug|Any CPU.ActiveCfg = Debug|Any CPU
		{A3E4F721-3900-4A36-AD07-F03E3ED7B8DA}.Debug|Any CPU.Build.0 = Debug|Any CPU
		{A3E4F721-3900-4A36-AD07-F03E3ED7B8DA}.Release|Any CPU.ActiveCfg = Release|Any CPU
		{A3E4F721-3900-4A36-AD07-F03E3ED7B8DA}.Release|Any CPU.Build.0 = Release|Any CPU
		{F4E53626-2D64-45D8-BCF7-64079AFD4EBA}.Debug|Any CPU.ActiveCfg = Debug|Any CPU
		{F4E53626-2D64-45D8-BCF7-64079AFD4EBA}.Debug|Any CPU.Build.0 = Debug|Any CPU
		{F4E53626-2D64-45D8-BCF7-64079AFD4EBA}.Release|Any CPU.ActiveCfg = Release|Any CPU
		{F4E53626-2D64-45D8-BCF7-64079AFD4EBA}.Release|Any CPU.Build.0 = Release|Any CPU
		{A91756DA-DCB9-4024-A7A1-CD6F97D9A398}.Debug|Any CPU.ActiveCfg = Debug|Any CPU
		{A91756DA-DCB9-4024-A7A1-CD6F97D9A398}.Debug|Any CPU.Build.0 = Debug|Any CPU
		{A91756DA-DCB9-4024-A7A1-CD6F97D9A398}.Release|Any CPU.ActiveCfg = Release|Any CPU
		{A91756DA-DCB9-4024-A7A1-CD6F97D9A398}.Release|Any CPU.Build.0 = Release|Any CPU
		{240DB556-E567-4EB7-9ADF-AC3050C13EBA}.Debug|Any CPU.ActiveCfg = Debug|Any CPU
		{240DB556-E567-4EB7-9ADF-AC3050C13EBA}.Debug|Any CPU.Build.0 = Debug|Any CPU
		{240DB556-E567-4EB7-9ADF-AC3050C13EBA}.Release|Any CPU.ActiveCfg = Release|Any CPU
		{240DB556-E567-4EB7-9ADF-AC3050C13EBA}.Release|Any CPU.Build.0 = Release|Any CPU
		{B3A3F92C-A387-4DA5-A405-89281653CA39}.Debug|Any CPU.ActiveCfg = Debug|Any CPU
		{B3A3F92C-A387-4DA5-A405-89281653CA39}.Debug|Any CPU.Build.0 = Debug|Any CPU
		{B3A3F92C-A387-4DA5-A405-89281653CA39}.Release|Any CPU.ActiveCfg = Release|Any CPU
		{B3A3F92C-A387-4DA5-A405-89281653CA39}.Release|Any CPU.Build.0 = Release|Any CPU
		{B422BFD0-18CF-419A-A432-8F0026D6F024}.Debug|Any CPU.ActiveCfg = Debug|Any CPU
		{B422BFD0-18CF-419A-A432-8F0026D6F024}.Debug|Any CPU.Build.0 = Debug|Any CPU
		{B422BFD0-18CF-419A-A432-8F0026D6F024}.Release|Any CPU.ActiveCfg = Release|Any CPU
		{B422BFD0-18CF-419A-A432-8F0026D6F024}.Release|Any CPU.Build.0 = Release|Any CPU
		{55B8A1F6-A8C8-4338-9D59-9D06B3524FF4}.Debug|Any CPU.ActiveCfg = Debug|Any CPU
		{55B8A1F6-A8C8-4338-9D59-9D06B3524FF4}.Debug|Any CPU.Build.0 = Debug|Any CPU
		{55B8A1F6-A8C8-4338-9D59-9D06B3524FF4}.Release|Any CPU.ActiveCfg = Release|Any CPU
		{55B8A1F6-A8C8-4338-9D59-9D06B3524FF4}.Release|Any CPU.Build.0 = Release|Any CPU
		{1A15A6CB-6973-47A9-97B7-5A0D530737B8}.Debug|Any CPU.ActiveCfg = Debug|Any CPU
		{1A15A6CB-6973-47A9-97B7-5A0D530737B8}.Debug|Any CPU.Build.0 = Debug|Any CPU
		{1A15A6CB-6973-47A9-97B7-5A0D530737B8}.Release|Any CPU.ActiveCfg = Release|Any CPU
		{1A15A6CB-6973-47A9-97B7-5A0D530737B8}.Release|Any CPU.Build.0 = Release|Any CPU
		{435288BB-662D-4B2E-8E69-B02EE6AF77E5}.Debug|Any CPU.ActiveCfg = Debug|Any CPU
		{435288BB-662D-4B2E-8E69-B02EE6AF77E5}.Debug|Any CPU.Build.0 = Debug|Any CPU
		{435288BB-662D-4B2E-8E69-B02EE6AF77E5}.Release|Any CPU.ActiveCfg = Release|Any CPU
		{435288BB-662D-4B2E-8E69-B02EE6AF77E5}.Release|Any CPU.Build.0 = Release|Any CPU
		{BB1A6B9D-C96F-41CB-B4D3-EC9FF297F97E}.Debug|Any CPU.ActiveCfg = Debug|Any CPU
		{BB1A6B9D-C96F-41CB-B4D3-EC9FF297F97E}.Debug|Any CPU.Build.0 = Debug|Any CPU
		{BB1A6B9D-C96F-41CB-B4D3-EC9FF297F97E}.Release|Any CPU.ActiveCfg = Release|Any CPU
		{BB1A6B9D-C96F-41CB-B4D3-EC9FF297F97E}.Release|Any CPU.Build.0 = Release|Any CPU
		{62D67EEC-AE26-4B97-B1D0-2BABBA0794DA}.Debug|Any CPU.ActiveCfg = Debug|Any CPU
		{62D67EEC-AE26-4B97-B1D0-2BABBA0794DA}.Debug|Any CPU.Build.0 = Debug|Any CPU
		{62D67EEC-AE26-4B97-B1D0-2BABBA0794DA}.Release|Any CPU.ActiveCfg = Release|Any CPU
		{62D67EEC-AE26-4B97-B1D0-2BABBA0794DA}.Release|Any CPU.Build.0 = Release|Any CPU
		{F4350E41-309E-48B1-8818-6F4ED6629D84}.Debug|Any CPU.ActiveCfg = Debug|Any CPU
		{F4350E41-309E-48B1-8818-6F4ED6629D84}.Debug|Any CPU.Build.0 = Debug|Any CPU
		{F4350E41-309E-48B1-8818-6F4ED6629D84}.Release|Any CPU.ActiveCfg = Release|Any CPU
		{F4350E41-309E-48B1-8818-6F4ED6629D84}.Release|Any CPU.Build.0 = Release|Any CPU
		{B78F1548-0061-4C53-9B59-E3A22EE9FA86}.Debug|Any CPU.ActiveCfg = Debug|Any CPU
		{B78F1548-0061-4C53-9B59-E3A22EE9FA86}.Debug|Any CPU.Build.0 = Debug|Any CPU
		{B78F1548-0061-4C53-9B59-E3A22EE9FA86}.Release|Any CPU.ActiveCfg = Release|Any CPU
		{B78F1548-0061-4C53-9B59-E3A22EE9FA86}.Release|Any CPU.Build.0 = Release|Any CPU
		{4E873065-32FD-4F97-BCB0-D929D8ACB877}.Debug|Any CPU.ActiveCfg = Debug|Any CPU
		{4E873065-32FD-4F97-BCB0-D929D8ACB877}.Debug|Any CPU.Build.0 = Debug|Any CPU
		{4E873065-32FD-4F97-BCB0-D929D8ACB877}.Release|Any CPU.ActiveCfg = Release|Any CPU
		{4E873065-32FD-4F97-BCB0-D929D8ACB877}.Release|Any CPU.Build.0 = Release|Any CPU
		{27A350B6-9C50-42C4-8A00-93A7E3DC0738}.Debug|Any CPU.ActiveCfg = Debug|Any CPU
		{27A350B6-9C50-42C4-8A00-93A7E3DC0738}.Debug|Any CPU.Build.0 = Debug|Any CPU
		{27A350B6-9C50-42C4-8A00-93A7E3DC0738}.Release|Any CPU.ActiveCfg = Release|Any CPU
		{27A350B6-9C50-42C4-8A00-93A7E3DC0738}.Release|Any CPU.Build.0 = Release|Any CPU
		{068A3541-E39C-40F3-BB61-AEAF7B3B6D5A}.Debug|Any CPU.ActiveCfg = Debug|Any CPU
		{068A3541-E39C-40F3-BB61-AEAF7B3B6D5A}.Debug|Any CPU.Build.0 = Debug|Any CPU
		{068A3541-E39C-40F3-BB61-AEAF7B3B6D5A}.Release|Any CPU.ActiveCfg = Release|Any CPU
		{068A3541-E39C-40F3-BB61-AEAF7B3B6D5A}.Release|Any CPU.Build.0 = Release|Any CPU
		{508BD097-1192-45FB-8EBF-1DAC63508E14}.Debug|Any CPU.ActiveCfg = Debug|Any CPU
		{508BD097-1192-45FB-8EBF-1DAC63508E14}.Debug|Any CPU.Build.0 = Debug|Any CPU
		{508BD097-1192-45FB-8EBF-1DAC63508E14}.Release|Any CPU.ActiveCfg = Release|Any CPU
		{508BD097-1192-45FB-8EBF-1DAC63508E14}.Release|Any CPU.Build.0 = Release|Any CPU
		{5232513E-D4B4-447C-8C4C-CFF1B6F47D78}.Debug|Any CPU.ActiveCfg = Debug|Any CPU
		{5232513E-D4B4-447C-8C4C-CFF1B6F47D78}.Debug|Any CPU.Build.0 = Debug|Any CPU
		{5232513E-D4B4-447C-8C4C-CFF1B6F47D78}.Release|Any CPU.ActiveCfg = Release|Any CPU
		{5232513E-D4B4-447C-8C4C-CFF1B6F47D78}.Release|Any CPU.Build.0 = Release|Any CPU
	EndGlobalSection
	GlobalSection(SolutionProperties) = preSolution
		HideSolutionNode = FALSE
	EndGlobalSection
	GlobalSection(NestedProjects) = preSolution
		{2160D719-F944-499F-9F5A-BD77B4E96D41} = {48385477-0853-4875-BBB0-7166F32B4B15}
		{3622D0EB-4AF1-4118-A0A7-F2EAC42EFE0E} = {48385477-0853-4875-BBB0-7166F32B4B15}
		{D566F673-1B8F-40CD-A530-52260FC3CC8E} = {48385477-0853-4875-BBB0-7166F32B4B15}
		{A3E4F721-3900-4A36-AD07-F03E3ED7B8DA} = {690D1896-9947-4CA4-AE11-FEEA0ED5FED5}
		{F4E53626-2D64-45D8-BCF7-64079AFD4EBA} = {690D1896-9947-4CA4-AE11-FEEA0ED5FED5}
		{A91756DA-DCB9-4024-A7A1-CD6F97D9A398} = {690D1896-9947-4CA4-AE11-FEEA0ED5FED5}
		{240DB556-E567-4EB7-9ADF-AC3050C13EBA} = {2A32D081-5D67-4199-8764-F70702444696}
		{B3A3F92C-A387-4DA5-A405-89281653CA39} = {2A32D081-5D67-4199-8764-F70702444696}
		{B422BFD0-18CF-419A-A432-8F0026D6F024} = {2A32D081-5D67-4199-8764-F70702444696}
		{55B8A1F6-A8C8-4338-9D59-9D06B3524FF4} = {3867F594-3E75-46A0-95FF-82DEA8656E5B}
		{1A15A6CB-6973-47A9-97B7-5A0D530737B8} = {3867F594-3E75-46A0-95FF-82DEA8656E5B}
		{435288BB-662D-4B2E-8E69-B02EE6AF77E5} = {3867F594-3E75-46A0-95FF-82DEA8656E5B}
		{BB1A6B9D-C96F-41CB-B4D3-EC9FF297F97E} = {778BBF3D-B5FE-4EBF-AB05-83DEADC90AB8}
		{62D67EEC-AE26-4B97-B1D0-2BABBA0794DA} = {778BBF3D-B5FE-4EBF-AB05-83DEADC90AB8}
		{F4350E41-309E-48B1-8818-6F4ED6629D84} = {778BBF3D-B5FE-4EBF-AB05-83DEADC90AB8}
		{B78F1548-0061-4C53-9B59-E3A22EE9FA86} = {D8D17ACE-7B69-424C-A5B5-6DDD10CC0FAF}
		{4E873065-32FD-4F97-BCB0-D929D8ACB877} = {D8D17ACE-7B69-424C-A5B5-6DDD10CC0FAF}
		{27A350B6-9C50-42C4-8A00-93A7E3DC0738} = {D8D17ACE-7B69-424C-A5B5-6DDD10CC0FAF}
		{068A3541-E39C-40F3-BB61-AEAF7B3B6D5A} = {1805B6F7-746A-4F34-A08B-99B67C416FF1}
		{508BD097-1192-45FB-8EBF-1DAC63508E14} = {1805B6F7-746A-4F34-A08B-99B67C416FF1}
		{5232513E-D4B4-447C-8C4C-CFF1B6F47D78} = {1805B6F7-746A-4F34-A08B-99B67C416FF1}
	EndGlobalSection
	GlobalSection(ExtensibilityGlobals) = postSolution
		SolutionGuid = {406D50F8-2DDC-476E-959E-8A68E928727C}
	EndGlobalSection
EndGlobal
